// !$*UTF8*$!
{
	archiveVersion = 1;
	classes = {
	};
	objectVersion = 50;
	objects = {

/* Begin PBXBuildFile section */
		0A03C9B825B5AA260003BC65 /* DataSource.swift in Sources */ = {isa = PBXBuildFile; fileRef = 0A03C9B725B5AA260003BC65 /* DataSource.swift */; };
		0A40D27025B03472003B6E78 /* Book.swift in Sources */ = {isa = PBXBuildFile; fileRef = 0A40D26F25B03472003B6E78 /* Book.swift */; };
		0A40D27825B03ED7003B6E78 /* Webservice.swift in Sources */ = {isa = PBXBuildFile; fileRef = 0A40D27725B03ED7003B6E78 /* Webservice.swift */; };
		0A40D27D25B04732003B6E78 /* BooksTableViewController.swift in Sources */ = {isa = PBXBuildFile; fileRef = 0A40D27C25B04732003B6E78 /* BooksTableViewController.swift */; };
		0A40D28525B047AB003B6E78 /* BooksListViewModel.swift in Sources */ = {isa = PBXBuildFile; fileRef = 0A40D28425B047AB003B6E78 /* BooksListViewModel.swift */; };
		0A40D29125B04DC1003B6E78 /* BookCell.swift in Sources */ = {isa = PBXBuildFile; fileRef = 0A40D29025B04DC1003B6E78 /* BookCell.swift */; };
		0A5AE59E25B3D76E00C2586F /* BookDetailViewController.swift in Sources */ = {isa = PBXBuildFile; fileRef = 0A5AE59D25B3D76E00C2586F /* BookDetailViewController.swift */; };
		0A5AE5A325B44B0B00C2586F /* BookDetailCell.swift in Sources */ = {isa = PBXBuildFile; fileRef = 0A5AE5A225B44B0B00C2586F /* BookDetailCell.swift */; };
		0AF9EF2A25B019C200AFBCA0 /* AppDelegate.swift in Sources */ = {isa = PBXBuildFile; fileRef = 0AF9EF2925B019C200AFBCA0 /* AppDelegate.swift */; };
		0AF9EF2C25B019C200AFBCA0 /* SceneDelegate.swift in Sources */ = {isa = PBXBuildFile; fileRef = 0AF9EF2B25B019C200AFBCA0 /* SceneDelegate.swift */; };
		0AF9EF3125B019C200AFBCA0 /* Main.storyboard in Resources */ = {isa = PBXBuildFile; fileRef = 0AF9EF2F25B019C200AFBCA0 /* Main.storyboard */; };
		0AF9EF3325B019C200AFBCA0 /* Assets.xcassets in Resources */ = {isa = PBXBuildFile; fileRef = 0AF9EF3225B019C200AFBCA0 /* Assets.xcassets */; };
		0AF9EF3625B019C200AFBCA0 /* LaunchScreen.storyboard in Resources */ = {isa = PBXBuildFile; fileRef = 0AF9EF3425B019C200AFBCA0 /* LaunchScreen.storyboard */; };
		0AF9EF4125B019C200AFBCA0 /* BookStoreTests.swift in Sources */ = {isa = PBXBuildFile; fileRef = 0AF9EF4025B019C200AFBCA0 /* BookStoreTests.swift */; };
		0AF9EF4C25B019C200AFBCA0 /* BookStoreUITests.swift in Sources */ = {isa = PBXBuildFile; fileRef = 0AF9EF4B25B019C200AFBCA0 /* BookStoreUITests.swift */; };
/* End PBXBuildFile section */

/* Begin PBXContainerItemProxy section */
		0AF9EF3D25B019C200AFBCA0 /* PBXContainerItemProxy */ = {
			isa = PBXContainerItemProxy;
			containerPortal = 0AF9EF1E25B019C100AFBCA0 /* Project object */;
			proxyType = 1;
			remoteGlobalIDString = 0AF9EF2525B019C200AFBCA0;
			remoteInfo = BookStore;
		};
		0AF9EF4825B019C200AFBCA0 /* PBXContainerItemProxy */ = {
			isa = PBXContainerItemProxy;
			containerPortal = 0AF9EF1E25B019C100AFBCA0 /* Project object */;
			proxyType = 1;
			remoteGlobalIDString = 0AF9EF2525B019C200AFBCA0;
			remoteInfo = BookStore;
		};
/* End PBXContainerItemProxy section */

/* Begin PBXFileReference section */
		0A03C9B725B5AA260003BC65 /* DataSource.swift */ = {isa = PBXFileReference; lastKnownFileType = sourcecode.swift; path = DataSource.swift; sourceTree = "<group>"; };
		0A40D26F25B03472003B6E78 /* Book.swift */ = {isa = PBXFileReference; lastKnownFileType = sourcecode.swift; path = Book.swift; sourceTree = "<group>"; };
		0A40D27725B03ED7003B6E78 /* Webservice.swift */ = {isa = PBXFileReference; lastKnownFileType = sourcecode.swift; path = Webservice.swift; sourceTree = "<group>"; };
		0A40D27C25B04732003B6E78 /* BooksTableViewController.swift */ = {isa = PBXFileReference; lastKnownFileType = sourcecode.swift; path = BooksTableViewController.swift; sourceTree = "<group>"; };
		0A40D28425B047AB003B6E78 /* BooksListViewModel.swift */ = {isa = PBXFileReference; lastKnownFileType = sourcecode.swift; path = BooksListViewModel.swift; sourceTree = "<group>"; };
		0A40D29025B04DC1003B6E78 /* BookCell.swift */ = {isa = PBXFileReference; lastKnownFileType = sourcecode.swift; path = BookCell.swift; sourceTree = "<group>"; };
		0A5AE59D25B3D76E00C2586F /* BookDetailViewController.swift */ = {isa = PBXFileReference; lastKnownFileType = sourcecode.swift; path = BookDetailViewController.swift; sourceTree = "<group>"; };
		0A5AE5A225B44B0B00C2586F /* BookDetailCell.swift */ = {isa = PBXFileReference; lastKnownFileType = sourcecode.swift; path = BookDetailCell.swift; sourceTree = "<group>"; };
		0AF9EF2625B019C200AFBCA0 /* BookStore.app */ = {isa = PBXFileReference; explicitFileType = wrapper.application; includeInIndex = 0; path = BookStore.app; sourceTree = BUILT_PRODUCTS_DIR; };
		0AF9EF2925B019C200AFBCA0 /* AppDelegate.swift */ = {isa = PBXFileReference; lastKnownFileType = sourcecode.swift; path = AppDelegate.swift; sourceTree = "<group>"; };
		0AF9EF2B25B019C200AFBCA0 /* SceneDelegate.swift */ = {isa = PBXFileReference; lastKnownFileType = sourcecode.swift; path = SceneDelegate.swift; sourceTree = "<group>"; };
		0AF9EF3025B019C200AFBCA0 /* Base */ = {isa = PBXFileReference; lastKnownFileType = file.storyboard; name = Base; path = Base.lproj/Main.storyboard; sourceTree = "<group>"; };
		0AF9EF3225B019C200AFBCA0 /* Assets.xcassets */ = {isa = PBXFileReference; lastKnownFileType = folder.assetcatalog; path = Assets.xcassets; sourceTree = "<group>"; };
		0AF9EF3525B019C200AFBCA0 /* Base */ = {isa = PBXFileReference; lastKnownFileType = file.storyboard; name = Base; path = Base.lproj/LaunchScreen.storyboard; sourceTree = "<group>"; };
		0AF9EF3725B019C200AFBCA0 /* Info.plist */ = {isa = PBXFileReference; lastKnownFileType = text.plist.xml; path = Info.plist; sourceTree = "<group>"; };
		0AF9EF3C25B019C200AFBCA0 /* BookStoreTests.xctest */ = {isa = PBXFileReference; explicitFileType = wrapper.cfbundle; includeInIndex = 0; path = BookStoreTests.xctest; sourceTree = BUILT_PRODUCTS_DIR; };
		0AF9EF4025B019C200AFBCA0 /* BookStoreTests.swift */ = {isa = PBXFileReference; lastKnownFileType = sourcecode.swift; path = BookStoreTests.swift; sourceTree = "<group>"; };
		0AF9EF4225B019C200AFBCA0 /* Info.plist */ = {isa = PBXFileReference; lastKnownFileType = text.plist.xml; path = Info.plist; sourceTree = "<group>"; };
		0AF9EF4725B019C200AFBCA0 /* BookStoreUITests.xctest */ = {isa = PBXFileReference; explicitFileType = wrapper.cfbundle; includeInIndex = 0; path = BookStoreUITests.xctest; sourceTree = BUILT_PRODUCTS_DIR; };
		0AF9EF4B25B019C200AFBCA0 /* BookStoreUITests.swift */ = {isa = PBXFileReference; lastKnownFileType = sourcecode.swift; path = BookStoreUITests.swift; sourceTree = "<group>"; };
		0AF9EF4D25B019C200AFBCA0 /* Info.plist */ = {isa = PBXFileReference; lastKnownFileType = text.plist.xml; path = Info.plist; sourceTree = "<group>"; };
/* End PBXFileReference section */

/* Begin PBXFrameworksBuildPhase section */
		0AF9EF2325B019C200AFBCA0 /* Frameworks */ = {
			isa = PBXFrameworksBuildPhase;
			buildActionMask = 2147483647;
			files = (
			);
			runOnlyForDeploymentPostprocessing = 0;
		};
		0AF9EF3925B019C200AFBCA0 /* Frameworks */ = {
			isa = PBXFrameworksBuildPhase;
			buildActionMask = 2147483647;
			files = (
			);
			runOnlyForDeploymentPostprocessing = 0;
		};
		0AF9EF4425B019C200AFBCA0 /* Frameworks */ = {
			isa = PBXFrameworksBuildPhase;
			buildActionMask = 2147483647;
			files = (
			);
			runOnlyForDeploymentPostprocessing = 0;
		};
/* End PBXFrameworksBuildPhase section */

/* Begin PBXGroup section */
		0A03C9B625B5A9F80003BC65 /* DataStore */ = {
			isa = PBXGroup;
			children = (
				0A03C9B725B5AA260003BC65 /* DataSource.swift */,
			);
			path = DataStore;
			sourceTree = "<group>";
		};
		0A40D26B25B033FA003B6E78 /* Models */ = {
			isa = PBXGroup;
			children = (
				0A40D26F25B03472003B6E78 /* Book.swift */,
			);
			path = Models;
			sourceTree = "<group>";
		};
		0A40D26C25B03422003B6E78 /* ViewModels */ = {
			isa = PBXGroup;
			children = (
				0A40D28425B047AB003B6E78 /* BooksListViewModel.swift */,
			);
			path = ViewModels;
			sourceTree = "<group>";
		};
		0A40D26D25B03434003B6E78 /* Services */ = {
			isa = PBXGroup;
			children = (
				0A40D27725B03ED7003B6E78 /* Webservice.swift */,
			);
			path = Services;
			sourceTree = "<group>";
		};
		0A40D26E25B03440003B6E78 /* Controllers */ = {
			isa = PBXGroup;
			children = (
				0A40D27C25B04732003B6E78 /* BooksTableViewController.swift */,
				0A5AE59D25B3D76E00C2586F /* BookDetailViewController.swift */,
			);
			path = Controllers;
			sourceTree = "<group>";
		};
		0A40D28F25B04DB1003B6E78 /* Cell */ = {
			isa = PBXGroup;
			children = (
				0A40D29025B04DC1003B6E78 /* BookCell.swift */,
				0A5AE5A225B44B0B00C2586F /* BookDetailCell.swift */,
			);
			path = Cell;
			sourceTree = "<group>";
		};
		0AF9EF1D25B019C100AFBCA0 = {
			isa = PBXGroup;
			children = (
				0AF9EF2825B019C200AFBCA0 /* BookStore */,
				0AF9EF3F25B019C200AFBCA0 /* BookStoreTests */,
				0AF9EF4A25B019C200AFBCA0 /* BookStoreUITests */,
				0AF9EF2725B019C200AFBCA0 /* Products */,
			);
			sourceTree = "<group>";
		};
		0AF9EF2725B019C200AFBCA0 /* Products */ = {
			isa = PBXGroup;
			children = (
				0AF9EF2625B019C200AFBCA0 /* BookStore.app */,
				0AF9EF3C25B019C200AFBCA0 /* BookStoreTests.xctest */,
				0AF9EF4725B019C200AFBCA0 /* BookStoreUITests.xctest */,
			);
			name = Products;
			sourceTree = "<group>";
		};
		0AF9EF2825B019C200AFBCA0 /* BookStore */ = {
			isa = PBXGroup;
			children = (
				0A03C9B625B5A9F80003BC65 /* DataStore */,
				0A40D28F25B04DB1003B6E78 /* Cell */,
				0A40D26E25B03440003B6E78 /* Controllers */,
				0A40D26D25B03434003B6E78 /* Services */,
				0A40D26C25B03422003B6E78 /* ViewModels */,
				0A40D26B25B033FA003B6E78 /* Models */,
				0AF9EF2925B019C200AFBCA0 /* AppDelegate.swift */,
				0AF9EF2B25B019C200AFBCA0 /* SceneDelegate.swift */,
				0AF9EF2F25B019C200AFBCA0 /* Main.storyboard */,
				0AF9EF3225B019C200AFBCA0 /* Assets.xcassets */,
				0AF9EF3425B019C200AFBCA0 /* LaunchScreen.storyboard */,
				0AF9EF3725B019C200AFBCA0 /* Info.plist */,
			);
			path = BookStore;
			sourceTree = "<group>";
		};
		0AF9EF3F25B019C200AFBCA0 /* BookStoreTests */ = {
			isa = PBXGroup;
			children = (
				0AF9EF4025B019C200AFBCA0 /* BookStoreTests.swift */,
				0AF9EF4225B019C200AFBCA0 /* Info.plist */,
			);
			path = BookStoreTests;
			sourceTree = "<group>";
		};
		0AF9EF4A25B019C200AFBCA0 /* BookStoreUITests */ = {
			isa = PBXGroup;
			children = (
				0AF9EF4B25B019C200AFBCA0 /* BookStoreUITests.swift */,
				0AF9EF4D25B019C200AFBCA0 /* Info.plist */,
			);
			path = BookStoreUITests;
			sourceTree = "<group>";
		};
/* End PBXGroup section */

/* Begin PBXNativeTarget section */
		0AF9EF2525B019C200AFBCA0 /* BookStore */ = {
			isa = PBXNativeTarget;
			buildConfigurationList = 0AF9EF5025B019C200AFBCA0 /* Build configuration list for PBXNativeTarget "BookStore" */;
			buildPhases = (
				0AF9EF2225B019C200AFBCA0 /* Sources */,
				0AF9EF2325B019C200AFBCA0 /* Frameworks */,
				0AF9EF2425B019C200AFBCA0 /* Resources */,
			);
			buildRules = (
			);
			dependencies = (
			);
			name = BookStore;
			productName = BookStore;
			productReference = 0AF9EF2625B019C200AFBCA0 /* BookStore.app */;
			productType = "com.apple.product-type.application";
		};
		0AF9EF3B25B019C200AFBCA0 /* BookStoreTests */ = {
			isa = PBXNativeTarget;
			buildConfigurationList = 0AF9EF5325B019C200AFBCA0 /* Build configuration list for PBXNativeTarget "BookStoreTests" */;
			buildPhases = (
				0AF9EF3825B019C200AFBCA0 /* Sources */,
				0AF9EF3925B019C200AFBCA0 /* Frameworks */,
				0AF9EF3A25B019C200AFBCA0 /* Resources */,
			);
			buildRules = (
			);
			dependencies = (
				0AF9EF3E25B019C200AFBCA0 /* PBXTargetDependency */,
			);
			name = BookStoreTests;
			productName = BookStoreTests;
			productReference = 0AF9EF3C25B019C200AFBCA0 /* BookStoreTests.xctest */;
			productType = "com.apple.product-type.bundle.unit-test";
		};
		0AF9EF4625B019C200AFBCA0 /* BookStoreUITests */ = {
			isa = PBXNativeTarget;
			buildConfigurationList = 0AF9EF5625B019C200AFBCA0 /* Build configuration list for PBXNativeTarget "BookStoreUITests" */;
			buildPhases = (
				0AF9EF4325B019C200AFBCA0 /* Sources */,
				0AF9EF4425B019C200AFBCA0 /* Frameworks */,
				0AF9EF4525B019C200AFBCA0 /* Resources */,
			);
			buildRules = (
			);
			dependencies = (
				0AF9EF4925B019C200AFBCA0 /* PBXTargetDependency */,
			);
			name = BookStoreUITests;
			productName = BookStoreUITests;
			productReference = 0AF9EF4725B019C200AFBCA0 /* BookStoreUITests.xctest */;
			productType = "com.apple.product-type.bundle.ui-testing";
		};
/* End PBXNativeTarget section */

/* Begin PBXProject section */
		0AF9EF1E25B019C100AFBCA0 /* Project object */ = {
			isa = PBXProject;
			attributes = {
				LastSwiftUpdateCheck = 1230;
				LastUpgradeCheck = 1230;
				TargetAttributes = {
					0AF9EF2525B019C200AFBCA0 = {
						CreatedOnToolsVersion = 12.3;
					};
					0AF9EF3B25B019C200AFBCA0 = {
						CreatedOnToolsVersion = 12.3;
						TestTargetID = 0AF9EF2525B019C200AFBCA0;
					};
					0AF9EF4625B019C200AFBCA0 = {
						CreatedOnToolsVersion = 12.3;
						TestTargetID = 0AF9EF2525B019C200AFBCA0;
					};
				};
			};
			buildConfigurationList = 0AF9EF2125B019C100AFBCA0 /* Build configuration list for PBXProject "BookStore" */;
			compatibilityVersion = "Xcode 9.3";
			developmentRegion = en;
			hasScannedForEncodings = 0;
			knownRegions = (
				en,
				Base,
			);
			mainGroup = 0AF9EF1D25B019C100AFBCA0;
			productRefGroup = 0AF9EF2725B019C200AFBCA0 /* Products */;
			projectDirPath = "";
			projectRoot = "";
			targets = (
				0AF9EF2525B019C200AFBCA0 /* BookStore */,
				0AF9EF3B25B019C200AFBCA0 /* BookStoreTests */,
				0AF9EF4625B019C200AFBCA0 /* BookStoreUITests */,
			);
		};
/* End PBXProject section */

/* Begin PBXResourcesBuildPhase section */
		0AF9EF2425B019C200AFBCA0 /* Resources */ = {
			isa = PBXResourcesBuildPhase;
			buildActionMask = 2147483647;
			files = (
				0AF9EF3625B019C200AFBCA0 /* LaunchScreen.storyboard in Resources */,
				0AF9EF3325B019C200AFBCA0 /* Assets.xcassets in Resources */,
				0AF9EF3125B019C200AFBCA0 /* Main.storyboard in Resources */,
			);
			runOnlyForDeploymentPostprocessing = 0;
		};
		0AF9EF3A25B019C200AFBCA0 /* Resources */ = {
			isa = PBXResourcesBuildPhase;
			buildActionMask = 2147483647;
			files = (
			);
			runOnlyForDeploymentPostprocessing = 0;
		};
		0AF9EF4525B019C200AFBCA0 /* Resources */ = {
			isa = PBXResourcesBuildPhase;
			buildActionMask = 2147483647;
			files = (
			);
			runOnlyForDeploymentPostprocessing = 0;
		};
/* End PBXResourcesBuildPhase section */

/* Begin PBXSourcesBuildPhase section */
		0AF9EF2225B019C200AFBCA0 /* Sources */ = {
			isa = PBXSourcesBuildPhase;
			buildActionMask = 2147483647;
			files = (
				0A40D27025B03472003B6E78 /* Book.swift in Sources */,
				0AF9EF2A25B019C200AFBCA0 /* AppDelegate.swift in Sources */,
				0A40D27825B03ED7003B6E78 /* Webservice.swift in Sources */,
				0A40D29125B04DC1003B6E78 /* BookCell.swift in Sources */,
				0A40D27D25B04732003B6E78 /* BooksTableViewController.swift in Sources */,
				0A40D28525B047AB003B6E78 /* BooksListViewModel.swift in Sources */,
				0A5AE5A325B44B0B00C2586F /* BookDetailCell.swift in Sources */,
				0A5AE59E25B3D76E00C2586F /* BookDetailViewController.swift in Sources */,
				0A03C9B825B5AA260003BC65 /* DataSource.swift in Sources */,
				0AF9EF2C25B019C200AFBCA0 /* SceneDelegate.swift in Sources */,
			);
			runOnlyForDeploymentPostprocessing = 0;
		};
		0AF9EF3825B019C200AFBCA0 /* Sources */ = {
			isa = PBXSourcesBuildPhase;
			buildActionMask = 2147483647;
			files = (
				0AF9EF4125B019C200AFBCA0 /* BookStoreTests.swift in Sources */,
			);
			runOnlyForDeploymentPostprocessing = 0;
		};
		0AF9EF4325B019C200AFBCA0 /* Sources */ = {
			isa = PBXSourcesBuildPhase;
			buildActionMask = 2147483647;
			files = (
				0AF9EF4C25B019C200AFBCA0 /* BookStoreUITests.swift in Sources */,
			);
			runOnlyForDeploymentPostprocessing = 0;
		};
/* End PBXSourcesBuildPhase section */

/* Begin PBXTargetDependency section */
		0AF9EF3E25B019C200AFBCA0 /* PBXTargetDependency */ = {
			isa = PBXTargetDependency;
			target = 0AF9EF2525B019C200AFBCA0 /* BookStore */;
			targetProxy = 0AF9EF3D25B019C200AFBCA0 /* PBXContainerItemProxy */;
		};
		0AF9EF4925B019C200AFBCA0 /* PBXTargetDependency */ = {
			isa = PBXTargetDependency;
			target = 0AF9EF2525B019C200AFBCA0 /* BookStore */;
			targetProxy = 0AF9EF4825B019C200AFBCA0 /* PBXContainerItemProxy */;
		};
/* End PBXTargetDependency section */

/* Begin PBXVariantGroup section */
		0AF9EF2F25B019C200AFBCA0 /* Main.storyboard */ = {
			isa = PBXVariantGroup;
			children = (
				0AF9EF3025B019C200AFBCA0 /* Base */,
			);
			name = Main.storyboard;
			sourceTree = "<group>";
		};
		0AF9EF3425B019C200AFBCA0 /* LaunchScreen.storyboard */ = {
			isa = PBXVariantGroup;
			children = (
				0AF9EF3525B019C200AFBCA0 /* Base */,
			);
			name = LaunchScreen.storyboard;
			sourceTree = "<group>";
		};
/* End PBXVariantGroup section */

/* Begin XCBuildConfiguration section */
		0AF9EF4E25B019C200AFBCA0 /* Debug */ = {
			isa = XCBuildConfiguration;
			buildSettings = {
				ALWAYS_SEARCH_USER_PATHS = NO;
				CLANG_ANALYZER_NONNULL = YES;
				CLANG_ANALYZER_NUMBER_OBJECT_CONVERSION = YES_AGGRESSIVE;
				CLANG_CXX_LANGUAGE_STANDARD = "gnu++14";
				CLANG_CXX_LIBRARY = "libc++";
				CLANG_ENABLE_MODULES = YES;
				CLANG_ENABLE_OBJC_ARC = YES;
				CLANG_ENABLE_OBJC_WEAK = YES;
				CLANG_WARN_BLOCK_CAPTURE_AUTORELEASING = YES;
				CLANG_WARN_BOOL_CONVERSION = YES;
				CLANG_WARN_COMMA = YES;
				CLANG_WARN_CONSTANT_CONVERSION = YES;
				CLANG_WARN_DEPRECATED_OBJC_IMPLEMENTATIONS = YES;
				CLANG_WARN_DIRECT_OBJC_ISA_USAGE = YES_ERROR;
				CLANG_WARN_DOCUMENTATION_COMMENTS = YES;
				CLANG_WARN_EMPTY_BODY = YES;
				CLANG_WARN_ENUM_CONVERSION = YES;
				CLANG_WARN_INFINITE_RECURSION = YES;
				CLANG_WARN_INT_CONVERSION = YES;
				CLANG_WARN_NON_LITERAL_NULL_CONVERSION = YES;
				CLANG_WARN_OBJC_IMPLICIT_RETAIN_SELF = YES;
				CLANG_WARN_OBJC_LITERAL_CONVERSION = YES;
				CLANG_WARN_OBJC_ROOT_CLASS = YES_ERROR;
				CLANG_WARN_QUOTED_INCLUDE_IN_FRAMEWORK_HEADER = YES;
				CLANG_WARN_RANGE_LOOP_ANALYSIS = YES;
				CLANG_WARN_STRICT_PROTOTYPES = YES;
				CLANG_WARN_SUSPICIOUS_MOVE = YES;
				CLANG_WARN_UNGUARDED_AVAILABILITY = YES_AGGRESSIVE;
				CLANG_WARN_UNREACHABLE_CODE = YES;
				CLANG_WARN__DUPLICATE_METHOD_MATCH = YES;
				COPY_PHASE_STRIP = NO;
				DEBUG_INFORMATION_FORMAT = dwarf;
				ENABLE_STRICT_OBJC_MSGSEND = YES;
				ENABLE_TESTABILITY = YES;
				GCC_C_LANGUAGE_STANDARD = gnu11;
				GCC_DYNAMIC_NO_PIC = NO;
				GCC_NO_COMMON_BLOCKS = YES;
				GCC_OPTIMIZATION_LEVEL = 0;
				GCC_PREPROCESSOR_DEFINITIONS = (
					"DEBUG=1",
					"$(inherited)",
				);
				GCC_WARN_64_TO_32_BIT_CONVERSION = YES;
				GCC_WARN_ABOUT_RETURN_TYPE = YES_ERROR;
				GCC_WARN_UNDECLARED_SELECTOR = YES;
				GCC_WARN_UNINITIALIZED_AUTOS = YES_AGGRESSIVE;
				GCC_WARN_UNUSED_FUNCTION = YES;
				GCC_WARN_UNUSED_VARIABLE = YES;
				IPHONEOS_DEPLOYMENT_TARGET = 14.3;
				MTL_ENABLE_DEBUG_INFO = INCLUDE_SOURCE;
				MTL_FAST_MATH = YES;
				ONLY_ACTIVE_ARCH = YES;
				SDKROOT = iphoneos;
				SWIFT_ACTIVE_COMPILATION_CONDITIONS = DEBUG;
				SWIFT_OPTIMIZATION_LEVEL = "-Onone";
			};
			name = Debug;
		};
		0AF9EF4F25B019C200AFBCA0 /* Release */ = {
			isa = XCBuildConfiguration;
			buildSettings = {
				ALWAYS_SEARCH_USER_PATHS = NO;
				CLANG_ANALYZER_NONNULL = YES;
				CLANG_ANALYZER_NUMBER_OBJECT_CONVERSION = YES_AGGRESSIVE;
				CLANG_CXX_LANGUAGE_STANDARD = "gnu++14";
				CLANG_CXX_LIBRARY = "libc++";
				CLANG_ENABLE_MODULES = YES;
				CLANG_ENABLE_OBJC_ARC = YES;
				CLANG_ENABLE_OBJC_WEAK = YES;
				CLANG_WARN_BLOCK_CAPTURE_AUTORELEASING = YES;
				CLANG_WARN_BOOL_CONVERSION = YES;
				CLANG_WARN_COMMA = YES;
				CLANG_WARN_CONSTANT_CONVERSION = YES;
				CLANG_WARN_DEPRECATED_OBJC_IMPLEMENTATIONS = YES;
				CLANG_WARN_DIRECT_OBJC_ISA_USAGE = YES_ERROR;
				CLANG_WARN_DOCUMENTATION_COMMENTS = YES;
				CLANG_WARN_EMPTY_BODY = YES;
				CLANG_WARN_ENUM_CONVERSION = YES;
				CLANG_WARN_INFINITE_RECURSION = YES;
				CLANG_WARN_INT_CONVERSION = YES;
				CLANG_WARN_NON_LITERAL_NULL_CONVERSION = YES;
				CLANG_WARN_OBJC_IMPLICIT_RETAIN_SELF = YES;
				CLANG_WARN_OBJC_LITERAL_CONVERSION = YES;
				CLANG_WARN_OBJC_ROOT_CLASS = YES_ERROR;
				CLANG_WARN_QUOTED_INCLUDE_IN_FRAMEWORK_HEADER = YES;
				CLANG_WARN_RANGE_LOOP_ANALYSIS = YES;
				CLANG_WARN_STRICT_PROTOTYPES = YES;
				CLANG_WARN_SUSPICIOUS_MOVE = YES;
				CLANG_WARN_UNGUARDED_AVAILABILITY = YES_AGGRESSIVE;
				CLANG_WARN_UNREACHABLE_CODE = YES;
				CLANG_WARN__DUPLICATE_METHOD_MATCH = YES;
				COPY_PHASE_STRIP = NO;
				DEBUG_INFORMATION_FORMAT = "dwarf-with-dsym";
				ENABLE_NS_ASSERTIONS = NO;
				ENABLE_STRICT_OBJC_MSGSEND = YES;
				GCC_C_LANGUAGE_STANDARD = gnu11;
				GCC_NO_COMMON_BLOCKS = YES;
				GCC_WARN_64_TO_32_BIT_CONVERSION = YES;
				GCC_WARN_ABOUT_RETURN_TYPE = YES_ERROR;
				GCC_WARN_UNDECLARED_SELECTOR = YES;
				GCC_WARN_UNINITIALIZED_AUTOS = YES_AGGRESSIVE;
				GCC_WARN_UNUSED_FUNCTION = YES;
				GCC_WARN_UNUSED_VARIABLE = YES;
				IPHONEOS_DEPLOYMENT_TARGET = 14.3;
				MTL_ENABLE_DEBUG_INFO = NO;
				MTL_FAST_MATH = YES;
				SDKROOT = iphoneos;
				SWIFT_COMPILATION_MODE = wholemodule;
				SWIFT_OPTIMIZATION_LEVEL = "-O";
				VALIDATE_PRODUCT = YES;
			};
			name = Release;
		};
		0AF9EF5125B019C200AFBCA0 /* Debug */ = {
			isa = XCBuildConfiguration;
			buildSettings = {
				ASSETCATALOG_COMPILER_APPICON_NAME = AppIcon;
				ASSETCATALOG_COMPILER_GLOBAL_ACCENT_COLOR_NAME = AccentColor;
				CODE_SIGN_STYLE = Automatic;
				DEVELOPMENT_TEAM = 3XUYH8A3Z5;
				INFOPLIST_FILE = BookStore/Info.plist;
				LD_RUNPATH_SEARCH_PATHS = (
					"$(inherited)",
					"@executable_path/Frameworks",
				);
				PRODUCT_BUNDLE_IDENTIFIER = com.HackAttack.BookStore;
				PRODUCT_NAME = "$(TARGET_NAME)";
				SWIFT_VERSION = 5.0;
				TARGETED_DEVICE_FAMILY = "1,2";
			};
			name = Debug;
		};
		0AF9EF5225B019C200AFBCA0 /* Release */ = {
			isa = XCBuildConfiguration;
			buildSettings = {
				ASSETCATALOG_COMPILER_APPICON_NAME = AppIcon;
				ASSETCATALOG_COMPILER_GLOBAL_ACCENT_COLOR_NAME = AccentColor;
				CODE_SIGN_STYLE = Automatic;
				DEVELOPMENT_TEAM = 3XUYH8A3Z5;
				INFOPLIST_FILE = BookStore/Info.plist;
				LD_RUNPATH_SEARCH_PATHS = (
					"$(inherited)",
					"@executable_path/Frameworks",
				);
				PRODUCT_BUNDLE_IDENTIFIER = com.HackAttack.BookStore;
				PRODUCT_NAME = "$(TARGET_NAME)";
				SWIFT_VERSION = 5.0;
				TARGETED_DEVICE_FAMILY = "1,2";
			};
			name = Release;
		};
		0AF9EF5425B019C200AFBCA0 /* Debug */ = {
			isa = XCBuildConfiguration;
			buildSettings = {
				ALWAYS_EMBED_SWIFT_STANDARD_LIBRARIES = YES;
				BUNDLE_LOADER = "$(TEST_HOST)";
				CODE_SIGN_STYLE = Automatic;
				DEVELOPMENT_TEAM = 3XUYH8A3Z5;
				INFOPLIST_FILE = BookStoreTests/Info.plist;
				IPHONEOS_DEPLOYMENT_TARGET = 14.3;
				LD_RUNPATH_SEARCH_PATHS = (
					"$(inherited)",
					"@executable_path/Frameworks",
					"@loader_path/Frameworks",
				);
				PRODUCT_BUNDLE_IDENTIFIER = com.HackAttack.BookStoreTests;
				PRODUCT_NAME = "$(TARGET_NAME)";
				SWIFT_VERSION = 5.0;
				TARGETED_DEVICE_FAMILY = "1,2";
				TEST_HOST = "$(BUILT_PRODUCTS_DIR)/BookStore.app/BookStore";
			};
			name = Debug;
		};
		0AF9EF5525B019C200AFBCA0 /* Release */ = {
			isa = XCBuildConfiguration;
			buildSettings = {
				ALWAYS_EMBED_SWIFT_STANDARD_LIBRARIES = YES;
				BUNDLE_LOADER = "$(TEST_HOST)";
				CODE_SIGN_STYLE = Automatic;
				DEVELOPMENT_TEAM = 3XUYH8A3Z5;
				INFOPLIST_FILE = BookStoreTests/Info.plist;
				IPHONEOS_DEPLOYMENT_TARGET = 14.3;
				LD_RUNPATH_SEARCH_PATHS = (
					"$(inherited)",
					"@executable_path/Frameworks",
					"@loader_path/Frameworks",
				);
				PRODUCT_BUNDLE_IDENTIFIER = com.HackAttack.BookStoreTests;
				PRODUCT_NAME = "$(TARGET_NAME)";
				SWIFT_VERSION = 5.0;
				TARGETED_DEVICE_FAMILY = "1,2";
				TEST_HOST = "$(BUILT_PRODUCTS_DIR)/BookStore.app/BookStore";
			};
			name = Release;
		};
		0AF9EF5725B019C200AFBCA0 /* Debug */ = {
			isa = XCBuildConfiguration;
			buildSettings = {
				ALWAYS_EMBED_SWIFT_STANDARD_LIBRARIES = YES;
				CODE_SIGN_STYLE = Automatic;
				DEVELOPMENT_TEAM = 3XUYH8A3Z5;
				INFOPLIST_FILE = BookStoreUITests/Info.plist;
				LD_RUNPATH_SEARCH_PATHS = (
					"$(inherited)",
					"@executable_path/Frameworks",
					"@loader_path/Frameworks",
				);
				PRODUCT_BUNDLE_IDENTIFIER = com.HackAttack.BookStoreUITests;
				PRODUCT_NAME = "$(TARGET_NAME)";
				SWIFT_VERSION = 5.0;
				TARGETED_DEVICE_FAMILY = "1,2";
				TEST_TARGET_NAME = BookStore;
			};
			name = Debug;
		};
		0AF9EF5825B019C200AFBCA0 /* Release */ = {
			isa = XCBuildConfiguration;
			buildSettings = {
				ALWAYS_EMBED_SWIFT_STANDARD_LIBRARIES = YES;
				CODE_SIGN_STYLE = Automatic;
				DEVELOPMENT_TEAM = 3XUYH8A3Z5;
				INFOPLIST_FILE = BookStoreUITests/Info.plist;
				LD_RUNPATH_SEARCH_PATHS = (
					"$(inherited)",
					"@executable_path/Frameworks",
					"@loader_path/Frameworks",
				);
				PRODUCT_BUNDLE_IDENTIFIER = com.HackAttack.BookStoreUITests;
				PRODUCT_NAME = "$(TARGET_NAME)";
				SWIFT_VERSION = 5.0;
				TARGETED_DEVICE_FAMILY = "1,2";
				TEST_TARGET_NAME = BookStore;
			};
			name = Release;
		};
/* End XCBuildConfiguration section */

/* Begin XCConfigurationList section */
		0AF9EF2125B019C100AFBCA0 /* Build configuration list for PBXProject "BookStore" */ = {
			isa = XCConfigurationList;
			buildConfigurations = (
				0AF9EF4E25B019C200AFBCA0 /* Debug */,
				0AF9EF4F25B019C200AFBCA0 /* Release */,
			);
			defaultConfigurationIsVisible = 0;
			defaultConfigurationName = Release;
		};
		0AF9EF5025B019C200AFBCA0 /* Build configuration list for PBXNativeTarget "BookStore" */ = {
			isa = XCConfigurationList;
			buildConfigurations = (
				0AF9EF5125B019C200AFBCA0 /* Debug */,
				0AF9EF5225B019C200AFBCA0 /* Release */,
			);
			defaultConfigurationIsVisible = 0;
			defaultConfigurationName = Release;
		};
		0AF9EF5325B019C200AFBCA0 /* Build configuration list for PBXNativeTarget "BookStoreTests" */ = {
			isa = XCConfigurationList;
			buildConfigurations = (
				0AF9EF5425B019C200AFBCA0 /* Debug */,
				0AF9EF5525B019C200AFBCA0 /* Release */,
			);
			defaultConfigurationIsVisible = 0;
			defaultConfigurationName = Release;
		};
		0AF9EF5625B019C200AFBCA0 /* Build configuration list for PBXNativeTarget "BookStoreUITests" */ = {
			isa = XCConfigurationList;
			buildConfigurations = (
				0AF9EF5725B019C200AFBCA0 /* Debug */,
				0AF9EF5825B019C200AFBCA0 /* Release */,
			);
			defaultConfigurationIsVisible = 0;
			defaultConfigurationName = Release;
		};
/* End XCConfigurationList section */
	};
	rootObject = 0AF9EF1E25B019C100AFBCA0 /* Project object */;
}
